
Microsoft Visual Studio Solution File, Format Version 12.00
# Visual Studio 15
VisualStudioVersion = 15.0.27004.2005
MinimumVisualStudioVersion = 10.0.40219.1
Project("{9092AA53-FB77-4645-B42D-1CCCA6BD08BD}") = "LearningReact", "LearningReact\LearningReact.njsproj", "{76FA2BB4-DFE7-4E12-B78E-905BCE0D3091}"
EndProject
Global
	GlobalSection(SolutionConfigurationPlatforms) = preSolution
		Debug|Any CPU = Debug|Any CPU
		Release|Any CPU = Release|Any CPU
	EndGlobalSection
	GlobalSection(ProjectConfigurationPlatforms) = postSolution
		{76FA2BB4-DFE7-4E12-B78E-905BCE0D3091}.Debug|Any CPU.ActiveCfg = Debug|Any CPU
		{76FA2BB4-DFE7-4E12-B78E-905BCE0D3091}.Debug|Any CPU.Build.0 = Debug|Any CPU
		{76FA2BB4-DFE7-4E12-B78E-905BCE0D3091}.Release|Any CPU.ActiveCfg = Release|Any CPU
		{76FA2BB4-DFE7-4E12-B78E-905BCE0D3091}.Release|Any CPU.Build.0 = Release|Any CPU
	EndGlobalSection
	GlobalSection(SolutionProperties) = preSolution
		HideSolutionNode = FALSE
	EndGlobalSection
	GlobalSection(ExtensibilityGlobals) = postSolution
		SolutionGuid = {C8733BD6-EF1A-4E46-93B7-01B019A576AD}
	EndGlobalSection
EndGlobal
